PODS:
  - Alamofire (4.8.0)
  - AlamofireObjectMapper (5.2.0):
    - Alamofire (~> 4.7)
    - ObjectMapper (~> 3.4)
  - JWTDecode (2.2.0)
  - ObjectMapper (3.4.2)

DEPENDENCIES:
  - Alamofire (~> 4.0)
  - AlamofireObjectMapper (~> 5.2)
  - JWTDecode (~> 2.2)

SPEC REPOS:
  https://github.com/cocoapods/specs.git:
    - Alamofire
    - AlamofireObjectMapper
    - JWTDecode
    - ObjectMapper

SPEC CHECKSUMS:
  Alamofire: 3ec537f71edc9804815215393ae2b1a8ea33a844
  AlamofireObjectMapper: 92b6ce2423a9d159e686f6a1d514a009bf903ddc
  JWTDecode: 85a405ab16d5473e99bd89ded1d535090ebd6a0e
  ObjectMapper: 0d4402610f4e468903ae64629eec4784531e5c51

PODFILE CHECKSUM: 7ed61f7a7c5373e41d6568633682326b97eae1c5

COCOAPODS: 1.5.3
