// !$*UTF8*$!
{
	archiveVersion = 1;
	classes = {
	};
	objectVersion = 50;
	objects = {

/* Begin PBXBuildFile section */
		444C7C2436D2C4CFFBD71C15 /* Pods_Snooker_applicatieUITests.framework in Frameworks */ = {isa = PBXBuildFile; fileRef = F31C0AA918E054B133650EF3 /* Pods_Snooker_applicatieUITests.framework */; };
		D2A0B6BC51C8AF2070A0BED1 /* Pods_Snooker_applicatieTests.framework in Frameworks */ = {isa = PBXBuildFile; fileRef = 6B69AD441D3712766F7E3443 /* Pods_Snooker_applicatieTests.framework */; };
		D4158E7B21ECCFEE00A4F89B /* Constants.swift in Sources */ = {isa = PBXBuildFile; fileRef = D4158E7A21ECCFEE00A4F89B /* Constants.swift */; };
		D4A8FE5A21E8B58300DD1753 /* AppDelegate.swift in Sources */ = {isa = PBXBuildFile; fileRef = D4A8FE5921E8B58300DD1753 /* AppDelegate.swift */; };
		D4A8FE5C21E8B58300DD1753 /* ViewController.swift in Sources */ = {isa = PBXBuildFile; fileRef = D4A8FE5B21E8B58300DD1753 /* ViewController.swift */; };
		D4A8FE5F21E8B58300DD1753 /* Main.storyboard in Resources */ = {isa = PBXBuildFile; fileRef = D4A8FE5D21E8B58300DD1753 /* Main.storyboard */; };
		D4A8FE6121E8B58400DD1753 /* Assets.xcassets in Resources */ = {isa = PBXBuildFile; fileRef = D4A8FE6021E8B58400DD1753 /* Assets.xcassets */; };
		D4A8FE6421E8B58400DD1753 /* LaunchScreen.storyboard in Resources */ = {isa = PBXBuildFile; fileRef = D4A8FE6221E8B58400DD1753 /* LaunchScreen.storyboard */; };
		D4A8FE6F21E8B58400DD1753 /* Snooker_applicatieTests.swift in Sources */ = {isa = PBXBuildFile; fileRef = D4A8FE6E21E8B58400DD1753 /* Snooker_applicatieTests.swift */; };
		D4A8FE7A21E8B58400DD1753 /* Snooker_applicatieUITests.swift in Sources */ = {isa = PBXBuildFile; fileRef = D4A8FE7921E8B58400DD1753 /* Snooker_applicatieUITests.swift */; };
		D4A8FEC221E8CAB900DD1753 /* RegisterViewController.swift in Sources */ = {isa = PBXBuildFile; fileRef = D4A8FEC121E8CAB900DD1753 /* RegisterViewController.swift */; };
		D4A8FEC421E8E38A00DD1753 /* Models in Resources */ = {isa = PBXBuildFile; fileRef = D4A8FEC321E8E38A00DD1753 /* Models */; };
		D4A8FEC621E8E3DD00DD1753 /* User.swift in Sources */ = {isa = PBXBuildFile; fileRef = D4A8FEC521E8E3DD00DD1753 /* User.swift */; };
		D4A8FEC821E8F47C00DD1753 /* Default-568h@2x.png in Resources */ = {isa = PBXBuildFile; fileRef = D4A8FEC721E8F47C00DD1753 /* Default-568h@2x.png */; };
		D4C742F221E904020010F09E /* OverviewViewController.swift in Sources */ = {isa = PBXBuildFile; fileRef = D4C742F121E904020010F09E /* OverviewViewController.swift */; };
		D4F54A8B21EC9EB2003B5404 /* ViewBreakController.swift in Sources */ = {isa = PBXBuildFile; fileRef = D4F54A8A21EC9EB2003B5404 /* ViewBreakController.swift */; };
		D4F54A8F21ECAD00003B5404 /* Breaks.swift in Sources */ = {isa = PBXBuildFile; fileRef = D4F54A8E21ECAD00003B5404 /* Breaks.swift */; };
		D4FE9BAD21ED320500D6390A /* BreaksTableViewCell.swift in Sources */ = {isa = PBXBuildFile; fileRef = D4FE9BAC21ED320500D6390A /* BreaksTableViewCell.swift */; };
		E25446DD83EEB59CC987AA53 /* Pods_Snooker_applicatie.framework in Frameworks */ = {isa = PBXBuildFile; fileRef = F18FF93CC53DE3559B531554 /* Pods_Snooker_applicatie.framework */; };
/* End PBXBuildFile section */

/* Begin PBXContainerItemProxy section */
		D4A8FE6B21E8B58400DD1753 /* PBXContainerItemProxy */ = {
			isa = PBXContainerItemProxy;
			containerPortal = D4A8FE4E21E8B58300DD1753 /* Project object */;
			proxyType = 1;
			remoteGlobalIDString = D4A8FE5521E8B58300DD1753;
			remoteInfo = "Snooker applicatie";
		};
		D4A8FE7621E8B58400DD1753 /* PBXContainerItemProxy */ = {
			isa = PBXContainerItemProxy;
			containerPortal = D4A8FE4E21E8B58300DD1753 /* Project object */;
			proxyType = 1;
			remoteGlobalIDString = D4A8FE5521E8B58300DD1753;
			remoteInfo = "Snooker applicatie";
		};
/* End PBXContainerItemProxy section */

/* Begin PBXFileReference section */
		58E1EE4BDD7A49C0C6C9454C /* Pods-Snooker applicatie.release.xcconfig */ = {isa = PBXFileReference; includeInIndex = 1; lastKnownFileType = text.xcconfig; name = "Pods-Snooker applicatie.release.xcconfig"; path = "Pods/Target Support Files/Pods-Snooker applicatie/Pods-Snooker applicatie.release.xcconfig"; sourceTree = "<group>"; };
		62DDF40DD5E214A9E2F97ECA /* Pods-Snooker applicatieTests.debug.xcconfig */ = {isa = PBXFileReference; includeInIndex = 1; lastKnownFileType = text.xcconfig; name = "Pods-Snooker applicatieTests.debug.xcconfig"; path = "Pods/Target Support Files/Pods-Snooker applicatieTests/Pods-Snooker applicatieTests.debug.xcconfig"; sourceTree = "<group>"; };
		6371ECA8C06214E10ADB386E /* Pods-Snooker applicatieUITests.debug.xcconfig */ = {isa = PBXFileReference; includeInIndex = 1; lastKnownFileType = text.xcconfig; name = "Pods-Snooker applicatieUITests.debug.xcconfig"; path = "Pods/Target Support Files/Pods-Snooker applicatieUITests/Pods-Snooker applicatieUITests.debug.xcconfig"; sourceTree = "<group>"; };
		6B69AD441D3712766F7E3443 /* Pods_Snooker_applicatieTests.framework */ = {isa = PBXFileReference; explicitFileType = wrapper.framework; includeInIndex = 0; path = Pods_Snooker_applicatieTests.framework; sourceTree = BUILT_PRODUCTS_DIR; };
		AE68DA3849235385B5F84C22 /* Pods-Snooker applicatieTests.release.xcconfig */ = {isa = PBXFileReference; includeInIndex = 1; lastKnownFileType = text.xcconfig; name = "Pods-Snooker applicatieTests.release.xcconfig"; path = "Pods/Target Support Files/Pods-Snooker applicatieTests/Pods-Snooker applicatieTests.release.xcconfig"; sourceTree = "<group>"; };
		D4158E7A21ECCFEE00A4F89B /* Constants.swift */ = {isa = PBXFileReference; lastKnownFileType = sourcecode.swift; path = Constants.swift; sourceTree = "<group>"; };
		D4A8FE5621E8B58300DD1753 /* Snooker applicatie.app */ = {isa = PBXFileReference; explicitFileType = wrapper.application; includeInIndex = 0; path = "Snooker applicatie.app"; sourceTree = BUILT_PRODUCTS_DIR; };
		D4A8FE5921E8B58300DD1753 /* AppDelegate.swift */ = {isa = PBXFileReference; lastKnownFileType = sourcecode.swift; path = AppDelegate.swift; sourceTree = "<group>"; };
		D4A8FE5B21E8B58300DD1753 /* ViewController.swift */ = {isa = PBXFileReference; lastKnownFileType = sourcecode.swift; path = ViewController.swift; sourceTree = "<group>"; };
		D4A8FE5E21E8B58300DD1753 /* Base */ = {isa = PBXFileReference; lastKnownFileType = file.storyboard; name = Base; path = Base.lproj/Main.storyboard; sourceTree = "<group>"; };
		D4A8FE6021E8B58400DD1753 /* Assets.xcassets */ = {isa = PBXFileReference; lastKnownFileType = folder.assetcatalog; path = Assets.xcassets; sourceTree = "<group>"; };
		D4A8FE6321E8B58400DD1753 /* Base */ = {isa = PBXFileReference; lastKnownFileType = file.storyboard; name = Base; path = Base.lproj/LaunchScreen.storyboard; sourceTree = "<group>"; };
		D4A8FE6521E8B58400DD1753 /* Info.plist */ = {isa = PBXFileReference; lastKnownFileType = text.plist.xml; path = Info.plist; sourceTree = "<group>"; };
		D4A8FE6A21E8B58400DD1753 /* Snooker applicatieTests.xctest */ = {isa = PBXFileReference; explicitFileType = wrapper.cfbundle; includeInIndex = 0; path = "Snooker applicatieTests.xctest"; sourceTree = BUILT_PRODUCTS_DIR; };
		D4A8FE6E21E8B58400DD1753 /* Snooker_applicatieTests.swift */ = {isa = PBXFileReference; lastKnownFileType = sourcecode.swift; path = Snooker_applicatieTests.swift; sourceTree = "<group>"; };
		D4A8FE7021E8B58400DD1753 /* Info.plist */ = {isa = PBXFileReference; lastKnownFileType = text.plist.xml; path = Info.plist; sourceTree = "<group>"; };
		D4A8FE7521E8B58400DD1753 /* Snooker applicatieUITests.xctest */ = {isa = PBXFileReference; explicitFileType = wrapper.cfbundle; includeInIndex = 0; path = "Snooker applicatieUITests.xctest"; sourceTree = BUILT_PRODUCTS_DIR; };
		D4A8FE7921E8B58400DD1753 /* Snooker_applicatieUITests.swift */ = {isa = PBXFileReference; lastKnownFileType = sourcecode.swift; path = Snooker_applicatieUITests.swift; sourceTree = "<group>"; };
		D4A8FE7B21E8B58400DD1753 /* Info.plist */ = {isa = PBXFileReference; lastKnownFileType = text.plist.xml; path = Info.plist; sourceTree = "<group>"; };
		D4A8FEC121E8CAB900DD1753 /* RegisterViewController.swift */ = {isa = PBXFileReference; lastKnownFileType = sourcecode.swift; path = RegisterViewController.swift; sourceTree = "<group>"; };
		D4A8FEC321E8E38A00DD1753 /* Models */ = {isa = PBXFileReference; lastKnownFileType = folder; path = Models; sourceTree = "<group>"; };
		D4A8FEC521E8E3DD00DD1753 /* User.swift */ = {isa = PBXFileReference; lastKnownFileType = sourcecode.swift; name = User.swift; path = Models/User.swift; sourceTree = "<group>"; };
		D4A8FEC721E8F47C00DD1753 /* Default-568h@2x.png */ = {isa = PBXFileReference; lastKnownFileType = image.png; path = "Default-568h@2x.png"; sourceTree = "<group>"; };
		D4C742F121E904020010F09E /* OverviewViewController.swift */ = {isa = PBXFileReference; lastKnownFileType = sourcecode.swift; path = OverviewViewController.swift; sourceTree = "<group>"; };
		D4F54A8A21EC9EB2003B5404 /* ViewBreakController.swift */ = {isa = PBXFileReference; lastKnownFileType = sourcecode.swift; path = ViewBreakController.swift; sourceTree = "<group>"; };
		D4F54A8E21ECAD00003B5404 /* Breaks.swift */ = {isa = PBXFileReference; lastKnownFileType = sourcecode.swift; path = Breaks.swift; sourceTree = "<group>"; };
		D4FE9BAC21ED320500D6390A /* BreaksTableViewCell.swift */ = {isa = PBXFileReference; lastKnownFileType = sourcecode.swift; path = BreaksTableViewCell.swift; sourceTree = "<group>"; };
		E8592391CA6940D399D71905 /* Pods-Snooker applicatieUITests.release.xcconfig */ = {isa = PBXFileReference; includeInIndex = 1; lastKnownFileType = text.xcconfig; name = "Pods-Snooker applicatieUITests.release.xcconfig"; path = "Pods/Target Support Files/Pods-Snooker applicatieUITests/Pods-Snooker applicatieUITests.release.xcconfig"; sourceTree = "<group>"; };
		EA5BAFFFF143ED1C57C8168A /* Pods-Snooker applicatie.debug.xcconfig */ = {isa = PBXFileReference; includeInIndex = 1; lastKnownFileType = text.xcconfig; name = "Pods-Snooker applicatie.debug.xcconfig"; path = "Pods/Target Support Files/Pods-Snooker applicatie/Pods-Snooker applicatie.debug.xcconfig"; sourceTree = "<group>"; };
		F18FF93CC53DE3559B531554 /* Pods_Snooker_applicatie.framework */ = {isa = PBXFileReference; explicitFileType = wrapper.framework; includeInIndex = 0; path = Pods_Snooker_applicatie.framework; sourceTree = BUILT_PRODUCTS_DIR; };
		F31C0AA918E054B133650EF3 /* Pods_Snooker_applicatieUITests.framework */ = {isa = PBXFileReference; explicitFileType = wrapper.framework; includeInIndex = 0; path = Pods_Snooker_applicatieUITests.framework; sourceTree = BUILT_PRODUCTS_DIR; };
/* End PBXFileReference section */

/* Begin PBXFrameworksBuildPhase section */
		D4A8FE5321E8B58300DD1753 /* Frameworks */ = {
			isa = PBXFrameworksBuildPhase;
			buildActionMask = 2147483647;
			files = (
				E25446DD83EEB59CC987AA53 /* Pods_Snooker_applicatie.framework in Frameworks */,
			);
			runOnlyForDeploymentPostprocessing = 0;
		};
		D4A8FE6721E8B58400DD1753 /* Frameworks */ = {
			isa = PBXFrameworksBuildPhase;
			buildActionMask = 2147483647;
			files = (
				D2A0B6BC51C8AF2070A0BED1 /* Pods_Snooker_applicatieTests.framework in Frameworks */,
			);
			runOnlyForDeploymentPostprocessing = 0;
		};
		D4A8FE7221E8B58400DD1753 /* Frameworks */ = {
			isa = PBXFrameworksBuildPhase;
			buildActionMask = 2147483647;
			files = (
				444C7C2436D2C4CFFBD71C15 /* Pods_Snooker_applicatieUITests.framework in Frameworks */,
			);
			runOnlyForDeploymentPostprocessing = 0;
		};
/* End PBXFrameworksBuildPhase section */

/* Begin PBXGroup section */
		76F377B6AD32769228165E7E /* Pods */ = {
			isa = PBXGroup;
			children = (
				EA5BAFFFF143ED1C57C8168A /* Pods-Snooker applicatie.debug.xcconfig */,
				58E1EE4BDD7A49C0C6C9454C /* Pods-Snooker applicatie.release.xcconfig */,
				62DDF40DD5E214A9E2F97ECA /* Pods-Snooker applicatieTests.debug.xcconfig */,
				AE68DA3849235385B5F84C22 /* Pods-Snooker applicatieTests.release.xcconfig */,
				6371ECA8C06214E10ADB386E /* Pods-Snooker applicatieUITests.debug.xcconfig */,
				E8592391CA6940D399D71905 /* Pods-Snooker applicatieUITests.release.xcconfig */,
			);
			name = Pods;
			sourceTree = "<group>";
		};
		A79CE281A51F39C8A2169BB1 /* Frameworks */ = {
			isa = PBXGroup;
			children = (
				F18FF93CC53DE3559B531554 /* Pods_Snooker_applicatie.framework */,
				6B69AD441D3712766F7E3443 /* Pods_Snooker_applicatieTests.framework */,
				F31C0AA918E054B133650EF3 /* Pods_Snooker_applicatieUITests.framework */,
			);
			name = Frameworks;
			sourceTree = "<group>";
		};
		D4A8FE4D21E8B58300DD1753 = {
			isa = PBXGroup;
			children = (
				D4A8FEC721E8F47C00DD1753 /* Default-568h@2x.png */,
				D4A8FE5821E8B58300DD1753 /* Snooker applicatie */,
				D4A8FE6D21E8B58400DD1753 /* Snooker applicatieTests */,
				D4A8FE7821E8B58400DD1753 /* Snooker applicatieUITests */,
				D4A8FE5721E8B58300DD1753 /* Products */,
				76F377B6AD32769228165E7E /* Pods */,
				A79CE281A51F39C8A2169BB1 /* Frameworks */,
			);
			sourceTree = "<group>";
		};
		D4A8FE5721E8B58300DD1753 /* Products */ = {
			isa = PBXGroup;
			children = (
				D4A8FE5621E8B58300DD1753 /* Snooker applicatie.app */,
				D4A8FE6A21E8B58400DD1753 /* Snooker applicatieTests.xctest */,
				D4A8FE7521E8B58400DD1753 /* Snooker applicatieUITests.xctest */,
			);
			name = Products;
			sourceTree = "<group>";
		};
		D4A8FE5821E8B58300DD1753 /* Snooker applicatie */ = {
			isa = PBXGroup;
			children = (
				D4A8FEC321E8E38A00DD1753 /* Models */,
				D4A8FE5921E8B58300DD1753 /* AppDelegate.swift */,
				D4A8FE5B21E8B58300DD1753 /* ViewController.swift */,
				D4A8FE5D21E8B58300DD1753 /* Main.storyboard */,
				D4A8FE6021E8B58400DD1753 /* Assets.xcassets */,
				D4A8FE6221E8B58400DD1753 /* LaunchScreen.storyboard */,
				D4A8FE6521E8B58400DD1753 /* Info.plist */,
				D4F54A8E21ECAD00003B5404 /* Breaks.swift */,
				D4A8FEC121E8CAB900DD1753 /* RegisterViewController.swift */,
				D4A8FEC521E8E3DD00DD1753 /* User.swift */,
				D4C742F121E904020010F09E /* OverviewViewController.swift */,
				D4F54A8A21EC9EB2003B5404 /* ViewBreakController.swift */,
				D4158E7A21ECCFEE00A4F89B /* Constants.swift */,
				D4FE9BAC21ED320500D6390A /* BreaksTableViewCell.swift */,
			);
			path = "Snooker applicatie";
			sourceTree = "<group>";
		};
		D4A8FE6D21E8B58400DD1753 /* Snooker applicatieTests */ = {
			isa = PBXGroup;
			children = (
				D4A8FE6E21E8B58400DD1753 /* Snooker_applicatieTests.swift */,
				D4A8FE7021E8B58400DD1753 /* Info.plist */,
			);
			path = "Snooker applicatieTests";
			sourceTree = "<group>";
		};
		D4A8FE7821E8B58400DD1753 /* Snooker applicatieUITests */ = {
			isa = PBXGroup;
			children = (
				D4A8FE7921E8B58400DD1753 /* Snooker_applicatieUITests.swift */,
				D4A8FE7B21E8B58400DD1753 /* Info.plist */,
			);
			path = "Snooker applicatieUITests";
			sourceTree = "<group>";
		};
/* End PBXGroup section */

/* Begin PBXNativeTarget section */
		D4A8FE5521E8B58300DD1753 /* Snooker applicatie */ = {
			isa = PBXNativeTarget;
			buildConfigurationList = D4A8FE7E21E8B58400DD1753 /* Build configuration list for PBXNativeTarget "Snooker applicatie" */;
			buildPhases = (
				B63C34D7FA47AFC1A9F4195F /* [CP] Check Pods Manifest.lock */,
				D4A8FE5221E8B58300DD1753 /* Sources */,
				D4A8FE5321E8B58300DD1753 /* Frameworks */,
				D4A8FE5421E8B58300DD1753 /* Resources */,
				FB18F3B10068BD635AFD692B /* [CP] Embed Pods Frameworks */,
			);
			buildRules = (
			);
			dependencies = (
			);
			name = "Snooker applicatie";
			productName = "Snooker applicatie";
			productReference = D4A8FE5621E8B58300DD1753 /* Snooker applicatie.app */;
			productType = "com.apple.product-type.application";
		};
		D4A8FE6921E8B58400DD1753 /* Snooker applicatieTests */ = {
			isa = PBXNativeTarget;
			buildConfigurationList = D4A8FE8121E8B58400DD1753 /* Build configuration list for PBXNativeTarget "Snooker applicatieTests" */;
			buildPhases = (
				4A8071B0347C8192633F2487 /* [CP] Check Pods Manifest.lock */,
				D4A8FE6621E8B58400DD1753 /* Sources */,
				D4A8FE6721E8B58400DD1753 /* Frameworks */,
				D4A8FE6821E8B58400DD1753 /* Resources */,
			);
			buildRules = (
			);
			dependencies = (
				D4A8FE6C21E8B58400DD1753 /* PBXTargetDependency */,
			);
			name = "Snooker applicatieTests";
			productName = "Snooker applicatieTests";
			productReference = D4A8FE6A21E8B58400DD1753 /* Snooker applicatieTests.xctest */;
			productType = "com.apple.product-type.bundle.unit-test";
		};
		D4A8FE7421E8B58400DD1753 /* Snooker applicatieUITests */ = {
			isa = PBXNativeTarget;
			buildConfigurationList = D4A8FE8421E8B58400DD1753 /* Build configuration list for PBXNativeTarget "Snooker applicatieUITests" */;
			buildPhases = (
				FB31C9D41923C217D67B18F3 /* [CP] Check Pods Manifest.lock */,
				D4A8FE7121E8B58400DD1753 /* Sources */,
				D4A8FE7221E8B58400DD1753 /* Frameworks */,
				D4A8FE7321E8B58400DD1753 /* Resources */,
			);
			buildRules = (
			);
			dependencies = (
				D4A8FE7721E8B58400DD1753 /* PBXTargetDependency */,
			);
			name = "Snooker applicatieUITests";
			productName = "Snooker applicatieUITests";
			productReference = D4A8FE7521E8B58400DD1753 /* Snooker applicatieUITests.xctest */;
			productType = "com.apple.product-type.bundle.ui-testing";
		};
/* End PBXNativeTarget section */

/* Begin PBXProject section */
		D4A8FE4E21E8B58300DD1753 /* Project object */ = {
			isa = PBXProject;
			attributes = {
				LastSwiftUpdateCheck = 1010;
				LastUpgradeCheck = 1010;
				ORGANIZATIONNAME = "Dennis Deroose";
				TargetAttributes = {
					D4A8FE5521E8B58300DD1753 = {
						CreatedOnToolsVersion = 10.1;
					};
					D4A8FE6921E8B58400DD1753 = {
						CreatedOnToolsVersion = 10.1;
						TestTargetID = D4A8FE5521E8B58300DD1753;
					};
					D4A8FE7421E8B58400DD1753 = {
						CreatedOnToolsVersion = 10.1;
						TestTargetID = D4A8FE5521E8B58300DD1753;
					};
				};
			};
			buildConfigurationList = D4A8FE5121E8B58300DD1753 /* Build configuration list for PBXProject "Snooker applicatie" */;
			compatibilityVersion = "Xcode 9.3";
			developmentRegion = en;
			hasScannedForEncodings = 0;
			knownRegions = (
				en,
				Base,
			);
			mainGroup = D4A8FE4D21E8B58300DD1753;
			productRefGroup = D4A8FE5721E8B58300DD1753 /* Products */;
			projectDirPath = "";
			projectRoot = "";
			targets = (
				D4A8FE5521E8B58300DD1753 /* Snooker applicatie */,
				D4A8FE6921E8B58400DD1753 /* Snooker applicatieTests */,
				D4A8FE7421E8B58400DD1753 /* Snooker applicatieUITests */,
			);
		};
/* End PBXProject section */

/* Begin PBXResourcesBuildPhase section */
		D4A8FE5421E8B58300DD1753 /* Resources */ = {
			isa = PBXResourcesBuildPhase;
			buildActionMask = 2147483647;
			files = (
				D4A8FE6421E8B58400DD1753 /* LaunchScreen.storyboard in Resources */,
				D4A8FE6121E8B58400DD1753 /* Assets.xcassets in Resources */,
				D4A8FEC421E8E38A00DD1753 /* Models in Resources */,
				D4A8FEC821E8F47C00DD1753 /* Default-568h@2x.png in Resources */,
				D4A8FE5F21E8B58300DD1753 /* Main.storyboard in Resources */,
			);
			runOnlyForDeploymentPostprocessing = 0;
		};
		D4A8FE6821E8B58400DD1753 /* Resources */ = {
			isa = PBXResourcesBuildPhase;
			buildActionMask = 2147483647;
			files = (
			);
			runOnlyForDeploymentPostprocessing = 0;
		};
		D4A8FE7321E8B58400DD1753 /* Resources */ = {
			isa = PBXResourcesBuildPhase;
			buildActionMask = 2147483647;
			files = (
			);
			runOnlyForDeploymentPostprocessing = 0;
		};
/* End PBXResourcesBuildPhase section */

/* Begin PBXShellScriptBuildPhase section */
		4A8071B0347C8192633F2487 /* [CP] Check Pods Manifest.lock */ = {
			isa = PBXShellScriptBuildPhase;
			buildActionMask = 2147483647;
			files = (
			);
			inputFileListPaths = (
			);
			inputPaths = (
				"${PODS_PODFILE_DIR_PATH}/Podfile.lock",
				"${PODS_ROOT}/Manifest.lock",
			);
			name = "[CP] Check Pods Manifest.lock";
			outputFileListPaths = (
			);
			outputPaths = (
				"$(DERIVED_FILE_DIR)/Pods-Snooker applicatieTests-checkManifestLockResult.txt",
			);
			runOnlyForDeploymentPostprocessing = 0;
			shellPath = /bin/sh;
			shellScript = "diff \"${PODS_PODFILE_DIR_PATH}/Podfile.lock\" \"${PODS_ROOT}/Manifest.lock\" > /dev/null\nif [ $? != 0 ] ; then\n    # print error to STDERR\n    echo \"error: The sandbox is not in sync with the Podfile.lock. Run 'pod install' or update your CocoaPods installation.\" >&2\n    exit 1\nfi\n# This output is used by Xcode 'outputs' to avoid re-running this script phase.\necho \"SUCCESS\" > \"${SCRIPT_OUTPUT_FILE_0}\"\n";
			showEnvVarsInLog = 0;
		};
		B63C34D7FA47AFC1A9F4195F /* [CP] Check Pods Manifest.lock */ = {
			isa = PBXShellScriptBuildPhase;
			buildActionMask = 2147483647;
			files = (
			);
			inputFileListPaths = (
			);
			inputPaths = (
				"${PODS_PODFILE_DIR_PATH}/Podfile.lock",
				"${PODS_ROOT}/Manifest.lock",
			);
			name = "[CP] Check Pods Manifest.lock";
			outputFileListPaths = (
			);
			outputPaths = (
				"$(DERIVED_FILE_DIR)/Pods-Snooker applicatie-checkManifestLockResult.txt",
			);
			runOnlyForDeploymentPostprocessing = 0;
			shellPath = /bin/sh;
			shellScript = "diff \"${PODS_PODFILE_DIR_PATH}/Podfile.lock\" \"${PODS_ROOT}/Manifest.lock\" > /dev/null\nif [ $? != 0 ] ; then\n    # print error to STDERR\n    echo \"error: The sandbox is not in sync with the Podfile.lock. Run 'pod install' or update your CocoaPods installation.\" >&2\n    exit 1\nfi\n# This output is used by Xcode 'outputs' to avoid re-running this script phase.\necho \"SUCCESS\" > \"${SCRIPT_OUTPUT_FILE_0}\"\n";
			showEnvVarsInLog = 0;
		};
		FB18F3B10068BD635AFD692B /* [CP] Embed Pods Frameworks */ = {
			isa = PBXShellScriptBuildPhase;
			buildActionMask = 2147483647;
			files = (
			);
			inputFileListPaths = (
			);
			inputPaths = (
				"${SRCROOT}/Pods/Target Support Files/Pods-Snooker applicatie/Pods-Snooker applicatie-frameworks.sh",
				"${BUILT_PRODUCTS_DIR}/Alamofire/Alamofire.framework",
				"${BUILT_PRODUCTS_DIR}/JWTDecode/JWTDecode.framework",
			);
			name = "[CP] Embed Pods Frameworks";
			outputFileListPaths = (
			);
			outputPaths = (
				"${TARGET_BUILD_DIR}/${FRAMEWORKS_FOLDER_PATH}/Alamofire.framework",
				"${TARGET_BUILD_DIR}/${FRAMEWORKS_FOLDER_PATH}/JWTDecode.framework",
			);
			runOnlyForDeploymentPostprocessing = 0;
			shellPath = /bin/sh;
			shellScript = "\"${SRCROOT}/Pods/Target Support Files/Pods-Snooker applicatie/Pods-Snooker applicatie-frameworks.sh\"\n";
			showEnvVarsInLog = 0;
		};
		FB31C9D41923C217D67B18F3 /* [CP] Check Pods Manifest.lock */ = {
			isa = PBXShellScriptBuildPhase;
			buildActionMask = 2147483647;
			files = (
			);
			inputFileListPaths = (
			);
			inputPaths = (
				"${PODS_PODFILE_DIR_PATH}/Podfile.lock",
				"${PODS_ROOT}/Manifest.lock",
			);
			name = "[CP] Check Pods Manifest.lock";
			outputFileListPaths = (
			);
			outputPaths = (
				"$(DERIVED_FILE_DIR)/Pods-Snooker applicatieUITests-checkManifestLockResult.txt",
			);
			runOnlyForDeploymentPostprocessing = 0;
			shellPath = /bin/sh;
			shellScript = "diff \"${PODS_PODFILE_DIR_PATH}/Podfile.lock\" \"${PODS_ROOT}/Manifest.lock\" > /dev/null\nif [ $? != 0 ] ; then\n    # print error to STDERR\n    echo \"error: The sandbox is not in sync with the Podfile.lock. Run 'pod install' or update your CocoaPods installation.\" >&2\n    exit 1\nfi\n# This output is used by Xcode 'outputs' to avoid re-running this script phase.\necho \"SUCCESS\" > \"${SCRIPT_OUTPUT_FILE_0}\"\n";
			showEnvVarsInLog = 0;
		};
/* End PBXShellScriptBuildPhase section */

/* Begin PBXSourcesBuildPhase section */
		D4A8FE5221E8B58300DD1753 /* Sources */ = {
			isa = PBXSourcesBuildPhase;
			buildActionMask = 2147483647;
			files = (
				D4F54A8B21EC9EB2003B5404 /* ViewBreakController.swift in Sources */,
				D4A8FEC621E8E3DD00DD1753 /* User.swift in Sources */,
				D4F54A8F21ECAD00003B5404 /* Breaks.swift in Sources */,
				D4A8FEC221E8CAB900DD1753 /* RegisterViewController.swift in Sources */,
				D4C742F221E904020010F09E /* OverviewViewController.swift in Sources */,
				D4A8FE5C21E8B58300DD1753 /* ViewController.swift in Sources */,
				D4FE9BAD21ED320500D6390A /* BreaksTableViewCell.swift in Sources */,
				D4A8FE5A21E8B58300DD1753 /* AppDelegate.swift in Sources */,
				D4158E7B21ECCFEE00A4F89B /* Constants.swift in Sources */,
			);
			runOnlyForDeploymentPostprocessing = 0;
		};
		D4A8FE6621E8B58400DD1753 /* Sources */ = {
			isa = PBXSourcesBuildPhase;
			buildActionMask = 2147483647;
			files = (
				D4A8FE6F21E8B58400DD1753 /* Snooker_applicatieTests.swift in Sources */,
			);
			runOnlyForDeploymentPostprocessing = 0;
		};
		D4A8FE7121E8B58400DD1753 /* Sources */ = {
			isa = PBXSourcesBuildPhase;
			buildActionMask = 2147483647;
			files = (
				D4A8FE7A21E8B58400DD1753 /* Snooker_applicatieUITests.swift in Sources */,
			);
			runOnlyForDeploymentPostprocessing = 0;
		};
/* End PBXSourcesBuildPhase section */

/* Begin PBXTargetDependency section */
		D4A8FE6C21E8B58400DD1753 /* PBXTargetDependency */ = {
			isa = PBXTargetDependency;
			target = D4A8FE5521E8B58300DD1753 /* Snooker applicatie */;
			targetProxy = D4A8FE6B21E8B58400DD1753 /* PBXContainerItemProxy */;
		};
		D4A8FE7721E8B58400DD1753 /* PBXTargetDependency */ = {
			isa = PBXTargetDependency;
			target = D4A8FE5521E8B58300DD1753 /* Snooker applicatie */;
			targetProxy = D4A8FE7621E8B58400DD1753 /* PBXContainerItemProxy */;
		};
/* End PBXTargetDependency section */

/* Begin PBXVariantGroup section */
		D4A8FE5D21E8B58300DD1753 /* Main.storyboard */ = {
			isa = PBXVariantGroup;
			children = (
				D4A8FE5E21E8B58300DD1753 /* Base */,
			);
			name = Main.storyboard;
			sourceTree = "<group>";
		};
		D4A8FE6221E8B58400DD1753 /* LaunchScreen.storyboard */ = {
			isa = PBXVariantGroup;
			children = (
				D4A8FE6321E8B58400DD1753 /* Base */,
			);
			name = LaunchScreen.storyboard;
			sourceTree = "<group>";
		};
/* End PBXVariantGroup section */

/* Begin XCBuildConfiguration section */
		D4A8FE7C21E8B58400DD1753 /* Debug */ = {
			isa = XCBuildConfiguration;
			buildSettings = {
				ALWAYS_SEARCH_USER_PATHS = NO;
				CLANG_ANALYZER_NONNULL = YES;
				CLANG_ANALYZER_NUMBER_OBJECT_CONVERSION = YES_AGGRESSIVE;
				CLANG_CXX_LANGUAGE_STANDARD = "gnu++14";
				CLANG_CXX_LIBRARY = "libc++";
				CLANG_ENABLE_MODULES = YES;
				CLANG_ENABLE_OBJC_ARC = YES;
				CLANG_ENABLE_OBJC_WEAK = YES;
				CLANG_WARN_BLOCK_CAPTURE_AUTORELEASING = YES;
				CLANG_WARN_BOOL_CONVERSION = YES;
				CLANG_WARN_COMMA = YES;
				CLANG_WARN_CONSTANT_CONVERSION = YES;
				CLANG_WARN_DEPRECATED_OBJC_IMPLEMENTATIONS = YES;
				CLANG_WARN_DIRECT_OBJC_ISA_USAGE = YES_ERROR;
				CLANG_WARN_DOCUMENTATION_COMMENTS = YES;
				CLANG_WARN_EMPTY_BODY = YES;
				CLANG_WARN_ENUM_CONVERSION = YES;
				CLANG_WARN_INFINITE_RECURSION = YES;
				CLANG_WARN_INT_CONVERSION = YES;
				CLANG_WARN_NON_LITERAL_NULL_CONVERSION = YES;
				CLANG_WARN_OBJC_IMPLICIT_RETAIN_SELF = YES;
				CLANG_WARN_OBJC_LITERAL_CONVERSION = YES;
				CLANG_WARN_OBJC_ROOT_CLASS = YES_ERROR;
				CLANG_WARN_RANGE_LOOP_ANALYSIS = YES;
				CLANG_WARN_STRICT_PROTOTYPES = YES;
				CLANG_WARN_SUSPICIOUS_MOVE = YES;
				CLANG_WARN_UNGUARDED_AVAILABILITY = YES_AGGRESSIVE;
				CLANG_WARN_UNREACHABLE_CODE = YES;
				CLANG_WARN__DUPLICATE_METHOD_MATCH = YES;
				CODE_SIGN_IDENTITY = "iPhone Developer";
				COPY_PHASE_STRIP = NO;
				DEBUG_INFORMATION_FORMAT = dwarf;
				ENABLE_STRICT_OBJC_MSGSEND = YES;
				ENABLE_TESTABILITY = YES;
				GCC_C_LANGUAGE_STANDARD = gnu11;
				GCC_DYNAMIC_NO_PIC = NO;
				GCC_NO_COMMON_BLOCKS = YES;
				GCC_OPTIMIZATION_LEVEL = 0;
				GCC_PREPROCESSOR_DEFINITIONS = (
					"DEBUG=1",
					"$(inherited)",
				);
				GCC_WARN_64_TO_32_BIT_CONVERSION = YES;
				GCC_WARN_ABOUT_RETURN_TYPE = YES_ERROR;
				GCC_WARN_UNDECLARED_SELECTOR = YES;
				GCC_WARN_UNINITIALIZED_AUTOS = YES_AGGRESSIVE;
				GCC_WARN_UNUSED_FUNCTION = YES;
				GCC_WARN_UNUSED_VARIABLE = YES;
				IPHONEOS_DEPLOYMENT_TARGET = 12.1;
				MTL_ENABLE_DEBUG_INFO = INCLUDE_SOURCE;
				MTL_FAST_MATH = YES;
				ONLY_ACTIVE_ARCH = YES;
				SDKROOT = iphoneos;
				SWIFT_ACTIVE_COMPILATION_CONDITIONS = DEBUG;
				SWIFT_OPTIMIZATION_LEVEL = "-Onone";
			};
			name = Debug;
		};
		D4A8FE7D21E8B58400DD1753 /* Release */ = {
			isa = XCBuildConfiguration;
			buildSettings = {
				ALWAYS_SEARCH_USER_PATHS = NO;
				CLANG_ANALYZER_NONNULL = YES;
				CLANG_ANALYZER_NUMBER_OBJECT_CONVERSION = YES_AGGRESSIVE;
				CLANG_CXX_LANGUAGE_STANDARD = "gnu++14";
				CLANG_CXX_LIBRARY = "libc++";
				CLANG_ENABLE_MODULES = YES;
				CLANG_ENABLE_OBJC_ARC = YES;
				CLANG_ENABLE_OBJC_WEAK = YES;
				CLANG_WARN_BLOCK_CAPTURE_AUTORELEASING = YES;
				CLANG_WARN_BOOL_CONVERSION = YES;
				CLANG_WARN_COMMA = YES;
				CLANG_WARN_CONSTANT_CONVERSION = YES;
				CLANG_WARN_DEPRECATED_OBJC_IMPLEMENTATIONS = YES;
				CLANG_WARN_DIRECT_OBJC_ISA_USAGE = YES_ERROR;
				CLANG_WARN_DOCUMENTATION_COMMENTS = YES;
				CLANG_WARN_EMPTY_BODY = YES;
				CLANG_WARN_ENUM_CONVERSION = YES;
				CLANG_WARN_INFINITE_RECURSION = YES;
				CLANG_WARN_INT_CONVERSION = YES;
				CLANG_WARN_NON_LITERAL_NULL_CONVERSION = YES;
				CLANG_WARN_OBJC_IMPLICIT_RETAIN_SELF = YES;
				CLANG_WARN_OBJC_LITERAL_CONVERSION = YES;
				CLANG_WARN_OBJC_ROOT_CLASS = YES_ERROR;
				CLANG_WARN_RANGE_LOOP_ANALYSIS = YES;
				CLANG_WARN_STRICT_PROTOTYPES = YES;
				CLANG_WARN_SUSPICIOUS_MOVE = YES;
				CLANG_WARN_UNGUARDED_AVAILABILITY = YES_AGGRESSIVE;
				CLANG_WARN_UNREACHABLE_CODE = YES;
				CLANG_WARN__DUPLICATE_METHOD_MATCH = YES;
				CODE_SIGN_IDENTITY = "iPhone Developer";
				COPY_PHASE_STRIP = NO;
				DEBUG_INFORMATION_FORMAT = "dwarf-with-dsym";
				ENABLE_NS_ASSERTIONS = NO;
				ENABLE_STRICT_OBJC_MSGSEND = YES;
				GCC_C_LANGUAGE_STANDARD = gnu11;
				GCC_NO_COMMON_BLOCKS = YES;
				GCC_WARN_64_TO_32_BIT_CONVERSION = YES;
				GCC_WARN_ABOUT_RETURN_TYPE = YES_ERROR;
				GCC_WARN_UNDECLARED_SELECTOR = YES;
				GCC_WARN_UNINITIALIZED_AUTOS = YES_AGGRESSIVE;
				GCC_WARN_UNUSED_FUNCTION = YES;
				GCC_WARN_UNUSED_VARIABLE = YES;
				IPHONEOS_DEPLOYMENT_TARGET = 12.1;
				MTL_ENABLE_DEBUG_INFO = NO;
				MTL_FAST_MATH = YES;
				SDKROOT = iphoneos;
				SWIFT_COMPILATION_MODE = wholemodule;
				SWIFT_OPTIMIZATION_LEVEL = "-O";
				VALIDATE_PRODUCT = YES;
			};
			name = Release;
		};
		D4A8FE7F21E8B58400DD1753 /* Debug */ = {
			isa = XCBuildConfiguration;
			baseConfigurationReference = EA5BAFFFF143ED1C57C8168A /* Pods-Snooker applicatie.debug.xcconfig */;
			buildSettings = {
				ASSETCATALOG_COMPILER_APPICON_NAME = AppIcon;
				CODE_SIGN_STYLE = Automatic;
				INFOPLIST_FILE = "Snooker applicatie/Info.plist";
				LD_RUNPATH_SEARCH_PATHS = (
					"$(inherited)",
					"@executable_path/Frameworks",
				);
				PRODUCT_BUNDLE_IDENTIFIER = "DennisDeroose.Snooker-applicatie";
				PRODUCT_NAME = "$(TARGET_NAME)";
				SWIFT_VERSION = 4.2;
				TARGETED_DEVICE_FAMILY = "1,2";
			};
			name = Debug;
		};
		D4A8FE8021E8B58400DD1753 /* Release */ = {
			isa = XCBuildConfiguration;
			baseConfigurationReference = 58E1EE4BDD7A49C0C6C9454C /* Pods-Snooker applicatie.release.xcconfig */;
			buildSettings = {
				ASSETCATALOG_COMPILER_APPICON_NAME = AppIcon;
				CODE_SIGN_STYLE = Automatic;
				INFOPLIST_FILE = "Snooker applicatie/Info.plist";
				LD_RUNPATH_SEARCH_PATHS = (
					"$(inherited)",
					"@executable_path/Frameworks",
				);
				PRODUCT_BUNDLE_IDENTIFIER = "DennisDeroose.Snooker-applicatie";
				PRODUCT_NAME = "$(TARGET_NAME)";
				SWIFT_VERSION = 4.2;
				TARGETED_DEVICE_FAMILY = "1,2";
			};
			name = Release;
		};
		D4A8FE8221E8B58400DD1753 /* Debug */ = {
			isa = XCBuildConfiguration;
			baseConfigurationReference = 62DDF40DD5E214A9E2F97ECA /* Pods-Snooker applicatieTests.debug.xcconfig */;
			buildSettings = {
				ALWAYS_EMBED_SWIFT_STANDARD_LIBRARIES = YES;
				BUNDLE_LOADER = "$(TEST_HOST)";
				CODE_SIGN_STYLE = Automatic;
				INFOPLIST_FILE = "Snooker applicatieTests/Info.plist";
				LD_RUNPATH_SEARCH_PATHS = (
					"$(inherited)",
					"@executable_path/Frameworks",
					"@loader_path/Frameworks",
				);
				PRODUCT_BUNDLE_IDENTIFIER = "DennisDeroose.Snooker-applicatieTests";
				PRODUCT_NAME = "$(TARGET_NAME)";
				SWIFT_VERSION = 4.2;
				TARGETED_DEVICE_FAMILY = "1,2";
				TEST_HOST = "$(BUILT_PRODUCTS_DIR)/Snooker applicatie.app/Snooker applicatie";
			};
			name = Debug;
		};
		D4A8FE8321E8B58400DD1753 /* Release */ = {
			isa = XCBuildConfiguration;
			baseConfigurationReference = AE68DA3849235385B5F84C22 /* Pods-Snooker applicatieTests.release.xcconfig */;
			buildSettings = {
				ALWAYS_EMBED_SWIFT_STANDARD_LIBRARIES = YES;
				BUNDLE_LOADER = "$(TEST_HOST)";
				CODE_SIGN_STYLE = Automatic;
				INFOPLIST_FILE = "Snooker applicatieTests/Info.plist";
				LD_RUNPATH_SEARCH_PATHS = (
					"$(inherited)",
					"@executable_path/Frameworks",
					"@loader_path/Frameworks",
				);
				PRODUCT_BUNDLE_IDENTIFIER = "DennisDeroose.Snooker-applicatieTests";
				PRODUCT_NAME = "$(TARGET_NAME)";
				SWIFT_VERSION = 4.2;
				TARGETED_DEVICE_FAMILY = "1,2";
				TEST_HOST = "$(BUILT_PRODUCTS_DIR)/Snooker applicatie.app/Snooker applicatie";
			};
			name = Release;
		};
		D4A8FE8521E8B58400DD1753 /* Debug */ = {
			isa = XCBuildConfiguration;
			baseConfigurationReference = 6371ECA8C06214E10ADB386E /* Pods-Snooker applicatieUITests.debug.xcconfig */;
			buildSettings = {
				ALWAYS_EMBED_SWIFT_STANDARD_LIBRARIES = YES;
				CODE_SIGN_STYLE = Automatic;
				INFOPLIST_FILE = "Snooker applicatieUITests/Info.plist";
				LD_RUNPATH_SEARCH_PATHS = (
					"$(inherited)",
					"@executable_path/Frameworks",
					"@loader_path/Frameworks",
				);
				PRODUCT_BUNDLE_IDENTIFIER = "DennisDeroose.Snooker-applicatieUITests";
				PRODUCT_NAME = "$(TARGET_NAME)";
				SWIFT_VERSION = 4.2;
				TARGETED_DEVICE_FAMILY = "1,2";
				TEST_TARGET_NAME = "Snooker applicatie";
			};
			name = Debug;
		};
		D4A8FE8621E8B58400DD1753 /* Release */ = {
			isa = XCBuildConfiguration;
			baseConfigurationReference = E8592391CA6940D399D71905 /* Pods-Snooker applicatieUITests.release.xcconfig */;
			buildSettings = {
				ALWAYS_EMBED_SWIFT_STANDARD_LIBRARIES = YES;
				CODE_SIGN_STYLE = Automatic;
				INFOPLIST_FILE = "Snooker applicatieUITests/Info.plist";
				LD_RUNPATH_SEARCH_PATHS = (
					"$(inherited)",
					"@executable_path/Frameworks",
					"@loader_path/Frameworks",
				);
				PRODUCT_BUNDLE_IDENTIFIER = "DennisDeroose.Snooker-applicatieUITests";
				PRODUCT_NAME = "$(TARGET_NAME)";
				SWIFT_VERSION = 4.2;
				TARGETED_DEVICE_FAMILY = "1,2";
				TEST_TARGET_NAME = "Snooker applicatie";
			};
			name = Release;
		};
/* End XCBuildConfiguration section */

/* Begin XCConfigurationList section */
		D4A8FE5121E8B58300DD1753 /* Build configuration list for PBXProject "Snooker applicatie" */ = {
			isa = XCConfigurationList;
			buildConfigurations = (
				D4A8FE7C21E8B58400DD1753 /* Debug */,
				D4A8FE7D21E8B58400DD1753 /* Release */,
			);
			defaultConfigurationIsVisible = 0;
			defaultConfigurationName = Release;
		};
		D4A8FE7E21E8B58400DD1753 /* Build configuration list for PBXNativeTarget "Snooker applicatie" */ = {
			isa = XCConfigurationList;
			buildConfigurations = (
				D4A8FE7F21E8B58400DD1753 /* Debug */,
				D4A8FE8021E8B58400DD1753 /* Release */,
			);
			defaultConfigurationIsVisible = 0;
			defaultConfigurationName = Release;
		};
		D4A8FE8121E8B58400DD1753 /* Build configuration list for PBXNativeTarget "Snooker applicatieTests" */ = {
			isa = XCConfigurationList;
			buildConfigurations = (
				D4A8FE8221E8B58400DD1753 /* Debug */,
				D4A8FE8321E8B58400DD1753 /* Release */,
			);
			defaultConfigurationIsVisible = 0;
			defaultConfigurationName = Release;
		};
		D4A8FE8421E8B58400DD1753 /* Build configuration list for PBXNativeTarget "Snooker applicatieUITests" */ = {
			isa = XCConfigurationList;
			buildConfigurations = (
				D4A8FE8521E8B58400DD1753 /* Debug */,
				D4A8FE8621E8B58400DD1753 /* Release */,
			);
			defaultConfigurationIsVisible = 0;
			defaultConfigurationName = Release;
		};
/* End XCConfigurationList section */
	};
	rootObject = D4A8FE4E21E8B58300DD1753 /* Project object */;
}
